
Microsoft Visual Studio Solution File, Format Version 12.00
# Visual Studio Version 16
VisualStudioVersion = 16.0.30503.244
MinimumVisualStudioVersion = 10.0.40219.1
Project("{FAE04EC0-301F-11D3-BF4B-00C04F79EFBC}") = "201-725_ЯблонскаяСС_Лаб18_Задание1", "201-725_ЯблонскаяСС_Лаб18_Задание1.csproj", "{BF873C18-3AD3-4D87-B614-64563A5697E7}"
EndProject
Global
	GlobalSection(SolutionConfigurationPlatforms) = preSolution
		Debug|Any CPU = Debug|Any CPU
		Release|Any CPU = Release|Any CPU
	EndGlobalSection
	GlobalSection(ProjectConfigurationPlatforms) = postSolution
		{BF873C18-3AD3-4D87-B614-64563A5697E7}.Debug|Any CPU.ActiveCfg = Debug|Any CPU
		{BF873C18-3AD3-4D87-B614-64563A5697E7}.Debug|Any CPU.Build.0 = Debug|Any CPU
		{BF873C18-3AD3-4D87-B614-64563A5697E7}.Release|Any CPU.ActiveCfg = Release|Any CPU
		{BF873C18-3AD3-4D87-B614-64563A5697E7}.Release|Any CPU.Build.0 = Release|Any CPU
	EndGlobalSection
	GlobalSection(SolutionProperties) = preSolution
		HideSolutionNode = FALSE
	EndGlobalSection
	GlobalSection(ExtensibilityGlobals) = postSolution
		SolutionGuid = {F1AAEDCA-1F71-4DEC-8E7E-8EC48E99F0BD}
	EndGlobalSection
EndGlobal
