
Microsoft Visual Studio Solution File, Format Version 12.00
# Visual Studio Version 16
VisualStudioVersion = 16.0.30503.244
MinimumVisualStudioVersion = 10.0.40219.1
Project("{FAE04EC0-301F-11D3-BF4B-00C04F79EFBC}") = "201-725_ЯблонскаяСС_Задание5_Лаб12", "201-725_ЯблонскаяСС_Задание5_Лаб12.csproj", "{26482666-AC02-4CE6-A50D-49D9803F10E9}"
EndProject
Global
	GlobalSection(SolutionConfigurationPlatforms) = preSolution
		Debug|Any CPU = Debug|Any CPU
		Release|Any CPU = Release|Any CPU
	EndGlobalSection
	GlobalSection(ProjectConfigurationPlatforms) = postSolution
		{26482666-AC02-4CE6-A50D-49D9803F10E9}.Debug|Any CPU.ActiveCfg = Debug|Any CPU
		{26482666-AC02-4CE6-A50D-49D9803F10E9}.Debug|Any CPU.Build.0 = Debug|Any CPU
		{26482666-AC02-4CE6-A50D-49D9803F10E9}.Release|Any CPU.ActiveCfg = Release|Any CPU
		{26482666-AC02-4CE6-A50D-49D9803F10E9}.Release|Any CPU.Build.0 = Release|Any CPU
	EndGlobalSection
	GlobalSection(SolutionProperties) = preSolution
		HideSolutionNode = FALSE
	EndGlobalSection
	GlobalSection(ExtensibilityGlobals) = postSolution
		SolutionGuid = {0852A3D3-89F4-450C-B7DC-E6E7DCA13631}
	EndGlobalSection
EndGlobal
