
Microsoft Visual Studio Solution File, Format Version 12.00
# Visual Studio Version 16
VisualStudioVersion = 16.0.30503.244
MinimumVisualStudioVersion = 10.0.40219.1
Project("{FAE04EC0-301F-11D3-BF4B-00C04F79EFBC}") = "201-725_ЯблонскаяСС_Лаб18_Задание2", "201-725_ЯблонскаяСС_Лаб18_Задание2.csproj", "{DBBC9FB6-F06E-43FF-B578-86B8FDED7524}"
EndProject
Global
	GlobalSection(SolutionConfigurationPlatforms) = preSolution
		Debug|Any CPU = Debug|Any CPU
		Release|Any CPU = Release|Any CPU
	EndGlobalSection
	GlobalSection(ProjectConfigurationPlatforms) = postSolution
		{DBBC9FB6-F06E-43FF-B578-86B8FDED7524}.Debug|Any CPU.ActiveCfg = Debug|Any CPU
		{DBBC9FB6-F06E-43FF-B578-86B8FDED7524}.Debug|Any CPU.Build.0 = Debug|Any CPU
		{DBBC9FB6-F06E-43FF-B578-86B8FDED7524}.Release|Any CPU.ActiveCfg = Release|Any CPU
		{DBBC9FB6-F06E-43FF-B578-86B8FDED7524}.Release|Any CPU.Build.0 = Release|Any CPU
	EndGlobalSection
	GlobalSection(SolutionProperties) = preSolution
		HideSolutionNode = FALSE
	EndGlobalSection
	GlobalSection(ExtensibilityGlobals) = postSolution
		SolutionGuid = {7BA91AAF-1238-4A54-8266-B74A7218B785}
	EndGlobalSection
EndGlobal
