
Microsoft Visual Studio Solution File, Format Version 12.00
# Visual Studio Version 16
VisualStudioVersion = 16.0.30503.244
MinimumVisualStudioVersion = 10.0.40219.1
Project("{FAE04EC0-301F-11D3-BF4B-00C04F79EFBC}") = "201-725_ЯблонскаяСС_Лаб9_Задание5", "201-725_ЯблонскаяСС_Лаб9_Задание5.csproj", "{EA407E5D-E448-41FA-B758-BAF7AFE33E33}"
EndProject
Global
	GlobalSection(SolutionConfigurationPlatforms) = preSolution
		Debug|Any CPU = Debug|Any CPU
		Release|Any CPU = Release|Any CPU
	EndGlobalSection
	GlobalSection(ProjectConfigurationPlatforms) = postSolution
		{EA407E5D-E448-41FA-B758-BAF7AFE33E33}.Debug|Any CPU.ActiveCfg = Debug|Any CPU
		{EA407E5D-E448-41FA-B758-BAF7AFE33E33}.Debug|Any CPU.Build.0 = Debug|Any CPU
		{EA407E5D-E448-41FA-B758-BAF7AFE33E33}.Release|Any CPU.ActiveCfg = Release|Any CPU
		{EA407E5D-E448-41FA-B758-BAF7AFE33E33}.Release|Any CPU.Build.0 = Release|Any CPU
	EndGlobalSection
	GlobalSection(SolutionProperties) = preSolution
		HideSolutionNode = FALSE
	EndGlobalSection
	GlobalSection(ExtensibilityGlobals) = postSolution
		SolutionGuid = {990DB91A-B8E6-4B00-BB94-9CD142D5E492}
	EndGlobalSection
EndGlobal
