
Microsoft Visual Studio Solution File, Format Version 12.00
# Visual Studio Version 16
VisualStudioVersion = 16.0.30503.244
MinimumVisualStudioVersion = 10.0.40219.1
Project("{FAE04EC0-301F-11D3-BF4B-00C04F79EFBC}") = "201-725_ЯблонскаяСС_Лаб16_Задание1", "201-725_ЯблонскаяСС_Лаб16_Задание1.csproj", "{567A3A02-C567-4D41-B206-5A910E604FEE}"
EndProject
Global
	GlobalSection(SolutionConfigurationPlatforms) = preSolution
		Debug|Any CPU = Debug|Any CPU
		Release|Any CPU = Release|Any CPU
	EndGlobalSection
	GlobalSection(ProjectConfigurationPlatforms) = postSolution
		{567A3A02-C567-4D41-B206-5A910E604FEE}.Debug|Any CPU.ActiveCfg = Debug|Any CPU
		{567A3A02-C567-4D41-B206-5A910E604FEE}.Debug|Any CPU.Build.0 = Debug|Any CPU
		{567A3A02-C567-4D41-B206-5A910E604FEE}.Release|Any CPU.ActiveCfg = Release|Any CPU
		{567A3A02-C567-4D41-B206-5A910E604FEE}.Release|Any CPU.Build.0 = Release|Any CPU
	EndGlobalSection
	GlobalSection(SolutionProperties) = preSolution
		HideSolutionNode = FALSE
	EndGlobalSection
	GlobalSection(ExtensibilityGlobals) = postSolution
		SolutionGuid = {D8A16615-B49A-4A50-85BA-6F392A434897}
	EndGlobalSection
EndGlobal
