
Microsoft Visual Studio Solution File, Format Version 12.00
# Visual Studio Version 16
VisualStudioVersion = 16.0.30503.244
MinimumVisualStudioVersion = 10.0.40219.1
Project("{FAE04EC0-301F-11D3-BF4B-00C04F79EFBC}") = "201-725_ЯблонскаяСС_Лаб16_Задание3", "201-725_ЯблонскаяСС_Лаб16_Задание3.csproj", "{CB41E541-D3BC-4703-B8E1-11C173559CCA}"
EndProject
Global
	GlobalSection(SolutionConfigurationPlatforms) = preSolution
		Debug|Any CPU = Debug|Any CPU
		Release|Any CPU = Release|Any CPU
	EndGlobalSection
	GlobalSection(ProjectConfigurationPlatforms) = postSolution
		{CB41E541-D3BC-4703-B8E1-11C173559CCA}.Debug|Any CPU.ActiveCfg = Debug|Any CPU
		{CB41E541-D3BC-4703-B8E1-11C173559CCA}.Debug|Any CPU.Build.0 = Debug|Any CPU
		{CB41E541-D3BC-4703-B8E1-11C173559CCA}.Release|Any CPU.ActiveCfg = Release|Any CPU
		{CB41E541-D3BC-4703-B8E1-11C173559CCA}.Release|Any CPU.Build.0 = Release|Any CPU
	EndGlobalSection
	GlobalSection(SolutionProperties) = preSolution
		HideSolutionNode = FALSE
	EndGlobalSection
	GlobalSection(ExtensibilityGlobals) = postSolution
		SolutionGuid = {5C7E9A4A-A171-4306-BAE9-731C88FAFC79}
	EndGlobalSection
EndGlobal
