
Microsoft Visual Studio Solution File, Format Version 12.00
# Visual Studio Version 16
VisualStudioVersion = 16.0.30503.244
MinimumVisualStudioVersion = 10.0.40219.1
Project("{FAE04EC0-301F-11D3-BF4B-00C04F79EFBC}") = "201-725_ЯблонскаяСС_Задание2_Лаб12", "201-725_ЯблонскаяСС_Задание2_Лаб12.csproj", "{2133E5A5-116F-48F2-B18D-752E0B65A964}"
EndProject
Global
	GlobalSection(SolutionConfigurationPlatforms) = preSolution
		Debug|Any CPU = Debug|Any CPU
		Release|Any CPU = Release|Any CPU
	EndGlobalSection
	GlobalSection(ProjectConfigurationPlatforms) = postSolution
		{2133E5A5-116F-48F2-B18D-752E0B65A964}.Debug|Any CPU.ActiveCfg = Debug|Any CPU
		{2133E5A5-116F-48F2-B18D-752E0B65A964}.Debug|Any CPU.Build.0 = Debug|Any CPU
		{2133E5A5-116F-48F2-B18D-752E0B65A964}.Release|Any CPU.ActiveCfg = Release|Any CPU
		{2133E5A5-116F-48F2-B18D-752E0B65A964}.Release|Any CPU.Build.0 = Release|Any CPU
	EndGlobalSection
	GlobalSection(SolutionProperties) = preSolution
		HideSolutionNode = FALSE
	EndGlobalSection
	GlobalSection(ExtensibilityGlobals) = postSolution
		SolutionGuid = {E520E2BF-220E-4A1F-9A6B-44E13A8BACB2}
	EndGlobalSection
EndGlobal
