
Microsoft Visual Studio Solution File, Format Version 12.00
# Visual Studio Version 16
VisualStudioVersion = 16.0.30503.244
MinimumVisualStudioVersion = 10.0.40219.1
Project("{FAE04EC0-301F-11D3-BF4B-00C04F79EFBC}") = "201-725_ЯблонскаяСС_Задание4_Лаб6", "201-725_ЯблонскаяСС_Задание4_Лаб6.csproj", "{05953B16-DAC3-426B-BC00-1E5DF81668B6}"
EndProject
Global
	GlobalSection(SolutionConfigurationPlatforms) = preSolution
		Debug|Any CPU = Debug|Any CPU
		Release|Any CPU = Release|Any CPU
	EndGlobalSection
	GlobalSection(ProjectConfigurationPlatforms) = postSolution
		{05953B16-DAC3-426B-BC00-1E5DF81668B6}.Debug|Any CPU.ActiveCfg = Debug|Any CPU
		{05953B16-DAC3-426B-BC00-1E5DF81668B6}.Debug|Any CPU.Build.0 = Debug|Any CPU
		{05953B16-DAC3-426B-BC00-1E5DF81668B6}.Release|Any CPU.ActiveCfg = Release|Any CPU
		{05953B16-DAC3-426B-BC00-1E5DF81668B6}.Release|Any CPU.Build.0 = Release|Any CPU
	EndGlobalSection
	GlobalSection(SolutionProperties) = preSolution
		HideSolutionNode = FALSE
	EndGlobalSection
	GlobalSection(ExtensibilityGlobals) = postSolution
		SolutionGuid = {064F9228-49E2-47E8-BA5B-FE52E7161AAC}
	EndGlobalSection
EndGlobal
