
Microsoft Visual Studio Solution File, Format Version 12.00
# Visual Studio Version 16
VisualStudioVersion = 16.0.30503.244
MinimumVisualStudioVersion = 10.0.40219.1
Project("{FAE04EC0-301F-11D3-BF4B-00C04F79EFBC}") = "201-725_ЯблонскаяСС_Лаб17_Задание1", "201-725_ЯблонскаяСС_Лаб17_Задание1.csproj", "{C935E323-1856-42ED-A1C5-5F3135924DD8}"
EndProject
Global
	GlobalSection(SolutionConfigurationPlatforms) = preSolution
		Debug|Any CPU = Debug|Any CPU
		Release|Any CPU = Release|Any CPU
	EndGlobalSection
	GlobalSection(ProjectConfigurationPlatforms) = postSolution
		{C935E323-1856-42ED-A1C5-5F3135924DD8}.Debug|Any CPU.ActiveCfg = Debug|Any CPU
		{C935E323-1856-42ED-A1C5-5F3135924DD8}.Debug|Any CPU.Build.0 = Debug|Any CPU
		{C935E323-1856-42ED-A1C5-5F3135924DD8}.Release|Any CPU.ActiveCfg = Release|Any CPU
		{C935E323-1856-42ED-A1C5-5F3135924DD8}.Release|Any CPU.Build.0 = Release|Any CPU
	EndGlobalSection
	GlobalSection(SolutionProperties) = preSolution
		HideSolutionNode = FALSE
	EndGlobalSection
	GlobalSection(ExtensibilityGlobals) = postSolution
		SolutionGuid = {805F9ACF-52FF-4511-93B4-E45D420ADCAA}
	EndGlobalSection
EndGlobal
