
Microsoft Visual Studio Solution File, Format Version 12.00
# Visual Studio Version 16
VisualStudioVersion = 16.0.30503.244
MinimumVisualStudioVersion = 10.0.40219.1
Project("{FAE04EC0-301F-11D3-BF4B-00C04F79EFBC}") = "201-725_ЯблонскаяСС_Лаб15_Задание5", "201-725_ЯблонскаяСС_Лаб15_Задание5.csproj", "{444DA2D1-CCCB-477B-8DFA-6121A93D18C8}"
EndProject
Global
	GlobalSection(SolutionConfigurationPlatforms) = preSolution
		Debug|Any CPU = Debug|Any CPU
		Release|Any CPU = Release|Any CPU
	EndGlobalSection
	GlobalSection(ProjectConfigurationPlatforms) = postSolution
		{444DA2D1-CCCB-477B-8DFA-6121A93D18C8}.Debug|Any CPU.ActiveCfg = Debug|Any CPU
		{444DA2D1-CCCB-477B-8DFA-6121A93D18C8}.Debug|Any CPU.Build.0 = Debug|Any CPU
		{444DA2D1-CCCB-477B-8DFA-6121A93D18C8}.Release|Any CPU.ActiveCfg = Release|Any CPU
		{444DA2D1-CCCB-477B-8DFA-6121A93D18C8}.Release|Any CPU.Build.0 = Release|Any CPU
	EndGlobalSection
	GlobalSection(SolutionProperties) = preSolution
		HideSolutionNode = FALSE
	EndGlobalSection
	GlobalSection(ExtensibilityGlobals) = postSolution
		SolutionGuid = {5341612B-0F4B-4671-9DC6-91565E78CA96}
	EndGlobalSection
EndGlobal
